
Microsoft Visual Studio Solution File, Format Version 12.00
# Visual Studio Version 16
VisualStudioVersion = 16.0.31702.278
MinimumVisualStudioVersion = 10.0.40219.1
Project("{FAE04EC0-301F-11D3-BF4B-00C04F79EFBC}") = "eTicket", "eTicket\eTicket.csproj", "{1F825A59-A39A-463A-92EE-626DE7AD7DFA}"
EndProject
Global
	GlobalSection(SolutionConfigurationPlatforms) = preSolution
		Debug|Any CPU = Debug|Any CPU
		Release|Any CPU = Release|Any CPU
	EndGlobalSection
	GlobalSection(ProjectConfigurationPlatforms) = postSolution
		{1F825A59-A39A-463A-92EE-626DE7AD7DFA}.Debug|Any CPU.ActiveCfg = Debug|Any CPU
		{1F825A59-A39A-463A-92EE-626DE7AD7DFA}.Debug|Any CPU.Build.0 = Debug|Any CPU
		{1F825A59-A39A-463A-92EE-626DE7AD7DFA}.Release|Any CPU.ActiveCfg = Release|Any CPU
		{1F825A59-A39A-463A-92EE-626DE7AD7DFA}.Release|Any CPU.Build.0 = Release|Any CPU
	EndGlobalSection
	GlobalSection(SolutionProperties) = preSolution
		HideSolutionNode = FALSE
	EndGlobalSection
	GlobalSection(ExtensibilityGlobals) = postSolution
		SolutionGuid = {A37D0A8E-7346-4D5C-A0F0-2BC9A4B09FC9}
	EndGlobalSection
EndGlobal
